// !$*UTF8*$!
{
	archiveVersion = 1;
	classes = {
	};
	objectVersion = 46;
	objects = {

/* Begin PBXBuildFile section */
		3B431A1A1F2AC9B4008E8B05 /* VoiceRecorder.storyboard in Resources */ = {isa = PBXBuildFile; fileRef = 3B431A191F2AC9B4008E8B05 /* VoiceRecorder.storyboard */; };
		3B431A1C1F2AC9C2008E8B05 /* VoiceRecorderViewController.swift in Sources */ = {isa = PBXBuildFile; fileRef = 3B431A1B1F2AC9C2008E8B05 /* VoiceRecorderViewController.swift */; };
		3B4B05EB1F0E1086006EE5F1 /* AppDelegate.swift in Sources */ = {isa = PBXBuildFile; fileRef = 3B4B05EA1F0E1086006EE5F1 /* AppDelegate.swift */; };
		3B4B05ED1F0E1086006EE5F1 /* HashTagViewController.swift in Sources */ = {isa = PBXBuildFile; fileRef = 3B4B05EC1F0E1086006EE5F1 /* HashTagViewController.swift */; };
		3B4B05F01F0E1086006EE5F1 /* Main.storyboard in Resources */ = {isa = PBXBuildFile; fileRef = 3B4B05EE1F0E1086006EE5F1 /* Main.storyboard */; };
		3B4B05F21F0E1086006EE5F1 /* Assets.xcassets in Resources */ = {isa = PBXBuildFile; fileRef = 3B4B05F11F0E1086006EE5F1 /* Assets.xcassets */; };
		3B4B05F51F0E1086006EE5F1 /* LaunchScreen.storyboard in Resources */ = {isa = PBXBuildFile; fileRef = 3B4B05F31F0E1086006EE5F1 /* LaunchScreen.storyboard */; };
		3B9F7F891F206563002A6B21 /* BarIndicatorView.swift in Sources */ = {isa = PBXBuildFile; fileRef = 3B9F7F881F206563002A6B21 /* BarIndicatorView.swift */; };
		67147E351F25881E0069F24D /* EditorViewController.swift in Sources */ = {isa = PBXBuildFile; fileRef = 67147E341F25881E0069F24D /* EditorViewController.swift */; };
		67147E371F2588280069F24D /* Editor.storyboard in Resources */ = {isa = PBXBuildFile; fileRef = 67147E361F2588280069F24D /* Editor.storyboard */; };
		6719F7211F1708D80071A5E8 /* proj.mp4 in Resources */ = {isa = PBXBuildFile; fileRef = 6719F7201F1708D80071A5E8 /* proj.mp4 */; };
		671BBF0B1F0E154F0088B84C /* String+.swift in Sources */ = {isa = PBXBuildFile; fileRef = 671BBF0A1F0E154F0088B84C /* String+.swift */; };
		671BBF111F0E29720088B84C /* video.mp4 in Resources */ = {isa = PBXBuildFile; fileRef = 671BBF101F0E29720088B84C /* video.mp4 */; };
		671BBF131F0E35590088B84C /* PlayerView.swift in Sources */ = {isa = PBXBuildFile; fileRef = 671BBF121F0E35590088B84C /* PlayerView.swift */; };
		672555FB1F131B99008D88C2 /* nasmo.mp4 in Resources */ = {isa = PBXBuildFile; fileRef = 672555FA1F131B99008D88C2 /* nasmo.mp4 */; };
		672555FD1F131BBF008D88C2 /* NasmoController.swift in Sources */ = {isa = PBXBuildFile; fileRef = 672555FC1F131BBF008D88C2 /* NasmoController.swift */; };
		672555FF1F131BF2008D88C2 /* Nasmo.storyboard in Resources */ = {isa = PBXBuildFile; fileRef = 672555FE1F131BF2008D88C2 /* Nasmo.storyboard */; };
		6725560B1F136E07008D88C2 /* ExportViewController.swift in Sources */ = {isa = PBXBuildFile; fileRef = 6725560A1F136E07008D88C2 /* ExportViewController.swift */; };
		6725560D1F136E17008D88C2 /* Export.storyboard in Resources */ = {isa = PBXBuildFile; fileRef = 6725560C1F136E17008D88C2 /* Export.storyboard */; };
		672667A11F18613A001541B2 /* Tracer.storyboard in Resources */ = {isa = PBXBuildFile; fileRef = 672667A01F18613A001541B2 /* Tracer.storyboard */; };
		672667A31F18614D001541B2 /* TracerViewController.swift in Sources */ = {isa = PBXBuildFile; fileRef = 672667A21F18614D001541B2 /* TracerViewController.swift */; };
		67316BBC1F160EBF001B4BFD /* AVAnimationComposer.swift in Sources */ = {isa = PBXBuildFile; fileRef = 67316BBB1F160EBF001B4BFD /* AVAnimationComposer.swift */; };
		67367B561F2AFB6000C0A097 /* RecordExportSession.swift in Sources */ = {isa = PBXBuildFile; fileRef = 67367B551F2AFB6000C0A097 /* RecordExportSession.swift */; };
		6743D6471F303C8E00EE574B /* three.mp4 in Resources */ = {isa = PBXBuildFile; fileRef = 6743D6461F303C8E00EE574B /* three.mp4 */; };
		674B77701F189CA400DF9D3E /* ProfileOne.storyboard in Resources */ = {isa = PBXBuildFile; fileRef = 674B776F1F189CA400DF9D3E /* ProfileOne.storyboard */; };
		674B77721F189CB600DF9D3E /* ProfileOneViewController.swift in Sources */ = {isa = PBXBuildFile; fileRef = 674B77711F189CB600DF9D3E /* ProfileOneViewController.swift */; };
		675775501F0F069D00270E3F /* ShaDai2.storyboard in Resources */ = {isa = PBXBuildFile; fileRef = 6757754F1F0F069D00270E3F /* ShaDai2.storyboard */; };
		675775521F0F07AB00270E3F /* HashTag.storyboard in Resources */ = {isa = PBXBuildFile; fileRef = 675775511F0F07AB00270E3F /* HashTag.storyboard */; };
		675775541F0F0A3B00270E3F /* AVViewController.swift in Sources */ = {isa = PBXBuildFile; fileRef = 675775531F0F0A3B00270E3F /* AVViewController.swift */; };
		675DFFD31F281EBA004A2602 /* ShapeView.swift in Sources */ = {isa = PBXBuildFile; fileRef = 675DFFD21F281EBA004A2602 /* ShapeView.swift */; };
		6765EAFB1F1EDF860010D115 /* Dual.storyboard in Resources */ = {isa = PBXBuildFile; fileRef = 6765EAFA1F1EDF860010D115 /* Dual.storyboard */; };
		6765EAFD1F1EDFA70010D115 /* DualViewController.swift in Sources */ = {isa = PBXBuildFile; fileRef = 6765EAFC1F1EDFA70010D115 /* DualViewController.swift */; };
		6765EAFF1F1EE2D20010D115 /* SwingConfigViewController.swift in Sources */ = {isa = PBXBuildFile; fileRef = 6765EAFE1F1EE2D20010D115 /* SwingConfigViewController.swift */; };
		6765EB021F1EF7EA0010D115 /* oldman.mp4 in Resources */ = {isa = PBXBuildFile; fileRef = 6765EB001F1EF7EA0010D115 /* oldman.mp4 */; };
		6765EB031F1EF7EA0010D115 /* two.mp4 in Resources */ = {isa = PBXBuildFile; fileRef = 6765EB011F1EF7EA0010D115 /* two.mp4 */; };
		676C4A3F1F27350D00D7BBF8 /* SquareViewController.swift in Sources */ = {isa = PBXBuildFile; fileRef = 676C4A3E1F27350D00D7BBF8 /* SquareViewController.swift */; };
		676C4A411F27351700D7BBF8 /* Square.storyboard in Resources */ = {isa = PBXBuildFile; fileRef = 676C4A401F27351700D7BBF8 /* Square.storyboard */; };
		676F16BB1F203F6E00C333CC /* TimemarkParams.swift in Sources */ = {isa = PBXBuildFile; fileRef = 676F16BA1F203F6E00C333CC /* TimemarkParams.swift */; };
		67749E1F1F2F048F00F0B061 /* ImageRenderer.swift in Sources */ = {isa = PBXBuildFile; fileRef = 67749E1E1F2F048F00F0B061 /* ImageRenderer.swift */; };
		67C0F0B71F1DA6E100578029 /* GraphView.swift in Sources */ = {isa = PBXBuildFile; fileRef = 67C0F0B61F1DA6E100578029 /* GraphView.swift */; };
		67E779441F25B06A00C29CE5 /* HSBColorPicker.swift in Sources */ = {isa = PBXBuildFile; fileRef = 67E779431F25B06A00C29CE5 /* HSBColorPicker.swift */; };
		67E779461F25B41A00C29CE5 /* LoadViewController.swift in Sources */ = {isa = PBXBuildFile; fileRef = 67E779451F25B41A00C29CE5 /* LoadViewController.swift */; };
		67E779481F25B5E600C29CE5 /* ColorPickerViewController.swift in Sources */ = {isa = PBXBuildFile; fileRef = 67E779471F25B5E600C29CE5 /* ColorPickerViewController.swift */; };
		67E7794A1F25E75900C29CE5 /* RecordSession.swift in Sources */ = {isa = PBXBuildFile; fileRef = 67E779491F25E75900C29CE5 /* RecordSession.swift */; };
		67E7794C1F25E76300C29CE5 /* EventEntity.swift in Sources */ = {isa = PBXBuildFile; fileRef = 67E7794B1F25E76300C29CE5 /* EventEntity.swift */; };
/* End PBXBuildFile section */

/* Begin PBXFileReference section */
		3B431A191F2AC9B4008E8B05 /* VoiceRecorder.storyboard */ = {isa = PBXFileReference; fileEncoding = 4; lastKnownFileType = file.storyboard; path = VoiceRecorder.storyboard; sourceTree = "<group>"; };
		3B431A1B1F2AC9C2008E8B05 /* VoiceRecorderViewController.swift */ = {isa = PBXFileReference; fileEncoding = 4; lastKnownFileType = sourcecode.swift; path = VoiceRecorderViewController.swift; sourceTree = "<group>"; };
		3B4B05E71F0E1086006EE5F1 /* ShaDai.app */ = {isa = PBXFileReference; explicitFileType = wrapper.application; includeInIndex = 0; path = ShaDai.app; sourceTree = BUILT_PRODUCTS_DIR; };
		3B4B05EA1F0E1086006EE5F1 /* AppDelegate.swift */ = {isa = PBXFileReference; lastKnownFileType = sourcecode.swift; path = AppDelegate.swift; sourceTree = "<group>"; };
		3B4B05EC1F0E1086006EE5F1 /* HashTagViewController.swift */ = {isa = PBXFileReference; lastKnownFileType = sourcecode.swift; path = HashTagViewController.swift; sourceTree = "<group>"; };
		3B4B05EF1F0E1086006EE5F1 /* Base */ = {isa = PBXFileReference; lastKnownFileType = file.storyboard; name = Base; path = Base.lproj/Main.storyboard; sourceTree = "<group>"; };
		3B4B05F11F0E1086006EE5F1 /* Assets.xcassets */ = {isa = PBXFileReference; lastKnownFileType = folder.assetcatalog; path = Assets.xcassets; sourceTree = "<group>"; };
		3B4B05F41F0E1086006EE5F1 /* Base */ = {isa = PBXFileReference; lastKnownFileType = file.storyboard; name = Base; path = Base.lproj/LaunchScreen.storyboard; sourceTree = "<group>"; };
		3B4B05F61F0E1086006EE5F1 /* Info.plist */ = {isa = PBXFileReference; lastKnownFileType = text.plist.xml; path = Info.plist; sourceTree = "<group>"; };
		3B9F7F881F206563002A6B21 /* BarIndicatorView.swift */ = {isa = PBXFileReference; fileEncoding = 4; lastKnownFileType = sourcecode.swift; path = BarIndicatorView.swift; sourceTree = "<group>"; };
		3B9F7F8A1F2066DB002A6B21 /* ShaDaiTest.playground */ = {isa = PBXFileReference; lastKnownFileType = file.playground; path = ShaDaiTest.playground; sourceTree = "<group>"; };
		67147E341F25881E0069F24D /* EditorViewController.swift */ = {isa = PBXFileReference; fileEncoding = 4; lastKnownFileType = sourcecode.swift; path = EditorViewController.swift; sourceTree = "<group>"; };
		67147E361F2588280069F24D /* Editor.storyboard */ = {isa = PBXFileReference; fileEncoding = 4; lastKnownFileType = file.storyboard; path = Editor.storyboard; sourceTree = "<group>"; };
		6719F7201F1708D80071A5E8 /* proj.mp4 */ = {isa = PBXFileReference; lastKnownFileType = file; path = proj.mp4; sourceTree = SOURCE_ROOT; };
		671BBF0A1F0E154F0088B84C /* String+.swift */ = {isa = PBXFileReference; fileEncoding = 4; lastKnownFileType = sourcecode.swift; path = "String+.swift"; sourceTree = "<group>"; };
		671BBF101F0E29720088B84C /* video.mp4 */ = {isa = PBXFileReference; lastKnownFileType = file; name = video.mp4; path = ../video.mp4; sourceTree = "<group>"; };
		671BBF121F0E35590088B84C /* PlayerView.swift */ = {isa = PBXFileReference; fileEncoding = 4; lastKnownFileType = sourcecode.swift; path = PlayerView.swift; sourceTree = "<group>"; };
		672555FA1F131B99008D88C2 /* nasmo.mp4 */ = {isa = PBXFileReference; lastKnownFileType = file; path = nasmo.mp4; sourceTree = SOURCE_ROOT; };
		672555FC1F131BBF008D88C2 /* NasmoController.swift */ = {isa = PBXFileReference; fileEncoding = 4; lastKnownFileType = sourcecode.swift; path = NasmoController.swift; sourceTree = "<group>"; };
		672555FE1F131BF2008D88C2 /* Nasmo.storyboard */ = {isa = PBXFileReference; fileEncoding = 4; lastKnownFileType = file.storyboard; path = Nasmo.storyboard; sourceTree = "<group>"; };
		6725560A1F136E07008D88C2 /* ExportViewController.swift */ = {isa = PBXFileReference; fileEncoding = 4; lastKnownFileType = sourcecode.swift; path = ExportViewController.swift; sourceTree = "<group>"; };
		6725560C1F136E17008D88C2 /* Export.storyboard */ = {isa = PBXFileReference; fileEncoding = 4; lastKnownFileType = file.storyboard; path = Export.storyboard; sourceTree = "<group>"; };
		672667A01F18613A001541B2 /* Tracer.storyboard */ = {isa = PBXFileReference; fileEncoding = 4; lastKnownFileType = file.storyboard; path = Tracer.storyboard; sourceTree = "<group>"; };
		672667A21F18614D001541B2 /* TracerViewController.swift */ = {isa = PBXFileReference; fileEncoding = 4; lastKnownFileType = sourcecode.swift; path = TracerViewController.swift; sourceTree = "<group>"; };
		67316BBB1F160EBF001B4BFD /* AVAnimationComposer.swift */ = {isa = PBXFileReference; fileEncoding = 4; lastKnownFileType = sourcecode.swift; path = AVAnimationComposer.swift; sourceTree = "<group>"; };
		67367B551F2AFB6000C0A097 /* RecordExportSession.swift */ = {isa = PBXFileReference; fileEncoding = 4; lastKnownFileType = sourcecode.swift; path = RecordExportSession.swift; sourceTree = "<group>"; };
		6743D6461F303C8E00EE574B /* three.mp4 */ = {isa = PBXFileReference; lastKnownFileType = file; path = three.mp4; sourceTree = SOURCE_ROOT; };
		674B776F1F189CA400DF9D3E /* ProfileOne.storyboard */ = {isa = PBXFileReference; fileEncoding = 4; lastKnownFileType = file.storyboard; path = ProfileOne.storyboard; sourceTree = "<group>"; };
		674B77711F189CB600DF9D3E /* ProfileOneViewController.swift */ = {isa = PBXFileReference; fileEncoding = 4; lastKnownFileType = sourcecode.swift; path = ProfileOneViewController.swift; sourceTree = "<group>"; };
		6757754F1F0F069D00270E3F /* ShaDai2.storyboard */ = {isa = PBXFileReference; fileEncoding = 4; lastKnownFileType = file.storyboard; path = ShaDai2.storyboard; sourceTree = "<group>"; };
		675775511F0F07AB00270E3F /* HashTag.storyboard */ = {isa = PBXFileReference; fileEncoding = 4; lastKnownFileType = file.storyboard; path = HashTag.storyboard; sourceTree = "<group>"; };
		675775531F0F0A3B00270E3F /* AVViewController.swift */ = {isa = PBXFileReference; fileEncoding = 4; lastKnownFileType = sourcecode.swift; path = AVViewController.swift; sourceTree = "<group>"; };
		675DFFD21F281EBA004A2602 /* ShapeView.swift */ = {isa = PBXFileReference; fileEncoding = 4; lastKnownFileType = sourcecode.swift; path = ShapeView.swift; sourceTree = "<group>"; };
		6765EAFA1F1EDF860010D115 /* Dual.storyboard */ = {isa = PBXFileReference; fileEncoding = 4; lastKnownFileType = file.storyboard; path = Dual.storyboard; sourceTree = "<group>"; };
		6765EAFC1F1EDFA70010D115 /* DualViewController.swift */ = {isa = PBXFileReference; fileEncoding = 4; lastKnownFileType = sourcecode.swift; path = DualViewController.swift; sourceTree = "<group>"; };
		6765EAFE1F1EE2D20010D115 /* SwingConfigViewController.swift */ = {isa = PBXFileReference; fileEncoding = 4; lastKnownFileType = sourcecode.swift; path = SwingConfigViewController.swift; sourceTree = "<group>"; };
		6765EB001F1EF7EA0010D115 /* oldman.mp4 */ = {isa = PBXFileReference; lastKnownFileType = file; name = oldman.mp4; path = ../oldman.mp4; sourceTree = "<group>"; };
		6765EB011F1EF7EA0010D115 /* two.mp4 */ = {isa = PBXFileReference; lastKnownFileType = file; name = two.mp4; path = ../two.mp4; sourceTree = "<group>"; };
		676C4A3E1F27350D00D7BBF8 /* SquareViewController.swift */ = {isa = PBXFileReference; fileEncoding = 4; lastKnownFileType = sourcecode.swift; path = SquareViewController.swift; sourceTree = "<group>"; };
		676C4A401F27351700D7BBF8 /* Square.storyboard */ = {isa = PBXFileReference; fileEncoding = 4; lastKnownFileType = file.storyboard; path = Square.storyboard; sourceTree = "<group>"; };
		676F16BA1F203F6E00C333CC /* TimemarkParams.swift */ = {isa = PBXFileReference; fileEncoding = 4; lastKnownFileType = sourcecode.swift; path = TimemarkParams.swift; sourceTree = "<group>"; };
		67749E1E1F2F048F00F0B061 /* ImageRenderer.swift */ = {isa = PBXFileReference; fileEncoding = 4; lastKnownFileType = sourcecode.swift; path = ImageRenderer.swift; sourceTree = "<group>"; };
		67C0F0B61F1DA6E100578029 /* GraphView.swift */ = {isa = PBXFileReference; fileEncoding = 4; lastKnownFileType = sourcecode.swift; path = GraphView.swift; sourceTree = "<group>"; };
		67E779431F25B06A00C29CE5 /* HSBColorPicker.swift */ = {isa = PBXFileReference; fileEncoding = 4; lastKnownFileType = sourcecode.swift; path = HSBColorPicker.swift; sourceTree = "<group>"; };
		67E779451F25B41A00C29CE5 /* LoadViewController.swift */ = {isa = PBXFileReference; fileEncoding = 4; lastKnownFileType = sourcecode.swift; path = LoadViewController.swift; sourceTree = "<group>"; };
		67E779471F25B5E600C29CE5 /* ColorPickerViewController.swift */ = {isa = PBXFileReference; fileEncoding = 4; lastKnownFileType = sourcecode.swift; path = ColorPickerViewController.swift; sourceTree = "<group>"; };
		67E779491F25E75900C29CE5 /* RecordSession.swift */ = {isa = PBXFileReference; fileEncoding = 4; lastKnownFileType = sourcecode.swift; path = RecordSession.swift; sourceTree = "<group>"; };
		67E7794B1F25E76300C29CE5 /* EventEntity.swift */ = {isa = PBXFileReference; fileEncoding = 4; lastKnownFileType = sourcecode.swift; path = EventEntity.swift; sourceTree = "<group>"; };
/* End PBXFileReference section */

/* Begin PBXFrameworksBuildPhase section */
		3B4B05E41F0E1086006EE5F1 /* Frameworks */ = {
			isa = PBXFrameworksBuildPhase;
			buildActionMask = 2147483647;
			files = (
			);
			runOnlyForDeploymentPostprocessing = 0;
		};
/* End PBXFrameworksBuildPhase section */

/* Begin PBXGroup section */
		3B431A181F2AC99A008E8B05 /* VoiceRecorder */ = {
			isa = PBXGroup;
			children = (
				3B431A191F2AC9B4008E8B05 /* VoiceRecorder.storyboard */,
				3B431A1B1F2AC9C2008E8B05 /* VoiceRecorderViewController.swift */,
			);
			name = VoiceRecorder;
			sourceTree = "<group>";
		};
		3B4B05DE1F0E1086006EE5F1 = {
			isa = PBXGroup;
			children = (
				3B9F7F8A1F2066DB002A6B21 /* ShaDaiTest.playground */,
				3B4B05E91F0E1086006EE5F1 /* ShaDai */,
				3B4B05E81F0E1086006EE5F1 /* Products */,
			);
			sourceTree = "<group>";
		};
		3B4B05E81F0E1086006EE5F1 /* Products */ = {
			isa = PBXGroup;
			children = (
				3B4B05E71F0E1086006EE5F1 /* ShaDai.app */,
			);
			name = Products;
			sourceTree = "<group>";
		};
		3B4B05E91F0E1086006EE5F1 /* ShaDai */ = {
			isa = PBXGroup;
			children = (
				67147E2B1F2585BE0069F24D /* Resources */,
				67147E2A1F2584F90069F24D /* Common */,
				67147E2C1F2586330069F24D /* HashTag */,
				67147E2D1F2586430069F24D /* ShaDai */,
				67147E2E1F25864D0069F24D /* Nasmo */,
				67147E2F1F2586580069F24D /* Export */,
				67147E301F2586640069F24D /* Tracer */,
				67147E311F2586920069F24D /* ProfileOne */,
				67147E321F2586980069F24D /* Dual */,
				67147E331F2587DC0069F24D /* Editor */,
				676C4A3D1F2734EF00D7BBF8 /* Square */,
				3B431A181F2AC99A008E8B05 /* VoiceRecorder */,
			);
			path = ShaDai;
			sourceTree = "<group>";
		};
		67147E2A1F2584F90069F24D /* Common */ = {
			isa = PBXGroup;
			children = (
				3B4B05F11F0E1086006EE5F1 /* Assets.xcassets */,
				3B4B05F61F0E1086006EE5F1 /* Info.plist */,
				3B4B05EA1F0E1086006EE5F1 /* AppDelegate.swift */,
				671BBF121F0E35590088B84C /* PlayerView.swift */,
				67316BBB1F160EBF001B4BFD /* AVAnimationComposer.swift */,
				3B4B05F31F0E1086006EE5F1 /* LaunchScreen.storyboard */,
				3B4B05EE1F0E1086006EE5F1 /* Main.storyboard */,
			);
			name = Common;
			sourceTree = "<group>";
		};
		67147E2B1F2585BE0069F24D /* Resources */ = {
			isa = PBXGroup;
			children = (
				6743D6461F303C8E00EE574B /* three.mp4 */,
				6765EB001F1EF7EA0010D115 /* oldman.mp4 */,
				6765EB011F1EF7EA0010D115 /* two.mp4 */,
				671BBF101F0E29720088B84C /* video.mp4 */,
				672555FA1F131B99008D88C2 /* nasmo.mp4 */,
				6719F7201F1708D80071A5E8 /* proj.mp4 */,
			);
			name = Resources;
			sourceTree = "<group>";
		};
		67147E2C1F2586330069F24D /* HashTag */ = {
			isa = PBXGroup;
			children = (
				3B4B05EC1F0E1086006EE5F1 /* HashTagViewController.swift */,
				671BBF0A1F0E154F0088B84C /* String+.swift */,
				675775511F0F07AB00270E3F /* HashTag.storyboard */,
			);
			name = HashTag;
			sourceTree = "<group>";
		};
		67147E2D1F2586430069F24D /* ShaDai */ = {
			isa = PBXGroup;
			children = (
				675775531F0F0A3B00270E3F /* AVViewController.swift */,
				6757754F1F0F069D00270E3F /* ShaDai2.storyboard */,
			);
			name = ShaDai;
			sourceTree = "<group>";
		};
		67147E2E1F25864D0069F24D /* Nasmo */ = {
			isa = PBXGroup;
			children = (
				672555FC1F131BBF008D88C2 /* NasmoController.swift */,
				672555FE1F131BF2008D88C2 /* Nasmo.storyboard */,
			);
			name = Nasmo;
			sourceTree = "<group>";
		};
		67147E2F1F2586580069F24D /* Export */ = {
			isa = PBXGroup;
			children = (
				6725560A1F136E07008D88C2 /* ExportViewController.swift */,
				6725560C1F136E17008D88C2 /* Export.storyboard */,
			);
			name = Export;
			sourceTree = "<group>";
		};
		67147E301F2586640069F24D /* Tracer */ = {
			isa = PBXGroup;
			children = (
				672667A21F18614D001541B2 /* TracerViewController.swift */,
				672667A01F18613A001541B2 /* Tracer.storyboard */,
			);
			name = Tracer;
			sourceTree = "<group>";
		};
		67147E311F2586920069F24D /* ProfileOne */ = {
			isa = PBXGroup;
			children = (
				674B77711F189CB600DF9D3E /* ProfileOneViewController.swift */,
				67C0F0B61F1DA6E100578029 /* GraphView.swift */,
				674B776F1F189CA400DF9D3E /* ProfileOne.storyboard */,
			);
			name = ProfileOne;
			sourceTree = "<group>";
		};
		67147E321F2586980069F24D /* Dual */ = {
			isa = PBXGroup;
			children = (
				6765EAFC1F1EDFA70010D115 /* DualViewController.swift */,
				6765EAFE1F1EE2D20010D115 /* SwingConfigViewController.swift */,
				676F16BA1F203F6E00C333CC /* TimemarkParams.swift */,
				3B9F7F881F206563002A6B21 /* BarIndicatorView.swift */,
				6765EAFA1F1EDF860010D115 /* Dual.storyboard */,
			);
			name = Dual;
			sourceTree = "<group>";
		};
		67147E331F2587DC0069F24D /* Editor */ = {
			isa = PBXGroup;
			children = (
				67147E341F25881E0069F24D /* EditorViewController.swift */,
				67E779451F25B41A00C29CE5 /* LoadViewController.swift */,
				67E779471F25B5E600C29CE5 /* ColorPickerViewController.swift */,
				67E779431F25B06A00C29CE5 /* HSBColorPicker.swift */,
				67E779491F25E75900C29CE5 /* RecordSession.swift */,
				67367B551F2AFB6000C0A097 /* RecordExportSession.swift */,
				67E7794B1F25E76300C29CE5 /* EventEntity.swift */,
				675DFFD21F281EBA004A2602 /* ShapeView.swift */,
				67749E1E1F2F048F00F0B061 /* ImageRenderer.swift */,
				67147E361F2588280069F24D /* Editor.storyboard */,
			);
			name = Editor;
			sourceTree = "<group>";
		};
		676C4A3D1F2734EF00D7BBF8 /* Square */ = {
			isa = PBXGroup;
			children = (
				676C4A3E1F27350D00D7BBF8 /* SquareViewController.swift */,
				676C4A401F27351700D7BBF8 /* Square.storyboard */,
			);
			name = Square;
			sourceTree = "<group>";
		};
/* End PBXGroup section */

/* Begin PBXNativeTarget section */
		3B4B05E61F0E1086006EE5F1 /* ShaDai */ = {
			isa = PBXNativeTarget;
			buildConfigurationList = 3B4B05F91F0E1086006EE5F1 /* Build configuration list for PBXNativeTarget "ShaDai" */;
			buildPhases = (
				3B4B05E31F0E1086006EE5F1 /* Sources */,
				3B4B05E41F0E1086006EE5F1 /* Frameworks */,
				3B4B05E51F0E1086006EE5F1 /* Resources */,
			);
			buildRules = (
			);
			dependencies = (
			);
			name = ShaDai;
			productName = ShaDai;
			productReference = 3B4B05E71F0E1086006EE5F1 /* ShaDai.app */;
			productType = "com.apple.product-type.application";
		};
/* End PBXNativeTarget section */

/* Begin PBXProject section */
		3B4B05DF1F0E1086006EE5F1 /* Project object */ = {
			isa = PBXProject;
			attributes = {
				LastSwiftUpdateCheck = 0830;
				LastUpgradeCheck = 0830;
				ORGANIZATIONNAME = WebLinkTest;
				TargetAttributes = {
					3B4B05E61F0E1086006EE5F1 = {
						CreatedOnToolsVersion = 8.3.3;
						DevelopmentTeam = 9N2GXJ9SUF;
						LastSwiftMigration = 0830;
						ProvisioningStyle = Automatic;
					};
				};
			};
			buildConfigurationList = 3B4B05E21F0E1086006EE5F1 /* Build configuration list for PBXProject "ShaDai" */;
			compatibilityVersion = "Xcode 3.2";
			developmentRegion = English;
			hasScannedForEncodings = 0;
			knownRegions = (
				en,
				Base,
			);
			mainGroup = 3B4B05DE1F0E1086006EE5F1;
			productRefGroup = 3B4B05E81F0E1086006EE5F1 /* Products */;
			projectDirPath = "";
			projectRoot = "";
			targets = (
				3B4B05E61F0E1086006EE5F1 /* ShaDai */,
			);
		};
/* End PBXProject section */

/* Begin PBXResourcesBuildPhase section */
		3B4B05E51F0E1086006EE5F1 /* Resources */ = {
			isa = PBXResourcesBuildPhase;
			buildActionMask = 2147483647;
			files = (
				3B4B05F51F0E1086006EE5F1 /* LaunchScreen.storyboard in Resources */,
				6765EAFB1F1EDF860010D115 /* Dual.storyboard in Resources */,
				675775521F0F07AB00270E3F /* HashTag.storyboard in Resources */,
				6743D6471F303C8E00EE574B /* three.mp4 in Resources */,
				6725560D1F136E17008D88C2 /* Export.storyboard in Resources */,
				3B4B05F21F0E1086006EE5F1 /* Assets.xcassets in Resources */,
				3B4B05F01F0E1086006EE5F1 /* Main.storyboard in Resources */,
				672555FB1F131B99008D88C2 /* nasmo.mp4 in Resources */,
				674B77701F189CA400DF9D3E /* ProfileOne.storyboard in Resources */,
				676C4A411F27351700D7BBF8 /* Square.storyboard in Resources */,
				672667A11F18613A001541B2 /* Tracer.storyboard in Resources */,
				6765EB031F1EF7EA0010D115 /* two.mp4 in Resources */,
				6765EB021F1EF7EA0010D115 /* oldman.mp4 in Resources */,
				672555FF1F131BF2008D88C2 /* Nasmo.storyboard in Resources */,
				3B431A1A1F2AC9B4008E8B05 /* VoiceRecorder.storyboard in Resources */,
				671BBF111F0E29720088B84C /* video.mp4 in Resources */,
				6719F7211F1708D80071A5E8 /* proj.mp4 in Resources */,
				675775501F0F069D00270E3F /* ShaDai2.storyboard in Resources */,
				67147E371F2588280069F24D /* Editor.storyboard in Resources */,
			);
			runOnlyForDeploymentPostprocessing = 0;
		};
/* End PBXResourcesBuildPhase section */

/* Begin PBXSourcesBuildPhase section */
		3B4B05E31F0E1086006EE5F1 /* Sources */ = {
			isa = PBXSourcesBuildPhase;
			buildActionMask = 2147483647;
			files = (
				67E779461F25B41A00C29CE5 /* LoadViewController.swift in Sources */,
				67E7794C1F25E76300C29CE5 /* EventEntity.swift in Sources */,
				675DFFD31F281EBA004A2602 /* ShapeView.swift in Sources */,
				3B9F7F891F206563002A6B21 /* BarIndicatorView.swift in Sources */,
				67749E1F1F2F048F00F0B061 /* ImageRenderer.swift in Sources */,
				67E779441F25B06A00C29CE5 /* HSBColorPicker.swift in Sources */,
				6765EAFD1F1EDFA70010D115 /* DualViewController.swift in Sources */,
				3B4B05ED1F0E1086006EE5F1 /* HashTagViewController.swift in Sources */,
				671BBF0B1F0E154F0088B84C /* String+.swift in Sources */,
				672555FD1F131BBF008D88C2 /* NasmoController.swift in Sources */,
				67C0F0B71F1DA6E100578029 /* GraphView.swift in Sources */,
				674B77721F189CB600DF9D3E /* ProfileOneViewController.swift in Sources */,
				67E7794A1F25E75900C29CE5 /* RecordSession.swift in Sources */,
				676C4A3F1F27350D00D7BBF8 /* SquareViewController.swift in Sources */,
				3B431A1C1F2AC9C2008E8B05 /* VoiceRecorderViewController.swift in Sources */,
				67316BBC1F160EBF001B4BFD /* AVAnimationComposer.swift in Sources */,
				676F16BB1F203F6E00C333CC /* TimemarkParams.swift in Sources */,
				675775541F0F0A3B00270E3F /* AVViewController.swift in Sources */,
				6725560B1F136E07008D88C2 /* ExportViewController.swift in Sources */,
				67367B561F2AFB6000C0A097 /* RecordExportSession.swift in Sources */,
				67E779481F25B5E600C29CE5 /* ColorPickerViewController.swift in Sources */,
				67147E351F25881E0069F24D /* EditorViewController.swift in Sources */,
				671BBF131F0E35590088B84C /* PlayerView.swift in Sources */,
				6765EAFF1F1EE2D20010D115 /* SwingConfigViewController.swift in Sources */,
				672667A31F18614D001541B2 /* TracerViewController.swift in Sources */,
				3B4B05EB1F0E1086006EE5F1 /* AppDelegate.swift in Sources */,
			);
			runOnlyForDeploymentPostprocessing = 0;
		};
/* End PBXSourcesBuildPhase section */

/* Begin PBXVariantGroup section */
		3B4B05EE1F0E1086006EE5F1 /* Main.storyboard */ = {
			isa = PBXVariantGroup;
			children = (
				3B4B05EF1F0E1086006EE5F1 /* Base */,
			);
			name = Main.storyboard;
			sourceTree = "<group>";
		};
		3B4B05F31F0E1086006EE5F1 /* LaunchScreen.storyboard */ = {
			isa = PBXVariantGroup;
			children = (
				3B4B05F41F0E1086006EE5F1 /* Base */,
			);
			name = LaunchScreen.storyboard;
			sourceTree = "<group>";
		};
/* End PBXVariantGroup section */

/* Begin XCBuildConfiguration section */
		3B4B05F71F0E1086006EE5F1 /* Debug */ = {
			isa = XCBuildConfiguration;
			buildSettings = {
				ALWAYS_SEARCH_USER_PATHS = NO;
				CLANG_ANALYZER_NONNULL = YES;
				CLANG_ANALYZER_NUMBER_OBJECT_CONVERSION = YES_AGGRESSIVE;
				CLANG_CXX_LANGUAGE_STANDARD = "gnu++0x";
				CLANG_CXX_LIBRARY = "libc++";
				CLANG_ENABLE_MODULES = YES;
				CLANG_ENABLE_OBJC_ARC = YES;
				CLANG_WARN_BOOL_CONVERSION = YES;
				CLANG_WARN_CONSTANT_CONVERSION = YES;
				CLANG_WARN_DIRECT_OBJC_ISA_USAGE = YES_ERROR;
				CLANG_WARN_DOCUMENTATION_COMMENTS = YES;
				CLANG_WARN_EMPTY_BODY = YES;
				CLANG_WARN_ENUM_CONVERSION = YES;
				CLANG_WARN_INFINITE_RECURSION = YES;
				CLANG_WARN_INT_CONVERSION = YES;
				CLANG_WARN_OBJC_ROOT_CLASS = YES_ERROR;
				CLANG_WARN_SUSPICIOUS_MOVE = YES;
				CLANG_WARN_UNREACHABLE_CODE = YES;
				CLANG_WARN__DUPLICATE_METHOD_MATCH = YES;
				"CODE_SIGN_IDENTITY[sdk=iphoneos*]" = "iPhone Developer";
				COPY_PHASE_STRIP = NO;
				DEBUG_INFORMATION_FORMAT = dwarf;
				ENABLE_STRICT_OBJC_MSGSEND = YES;
				ENABLE_TESTABILITY = YES;
				GCC_C_LANGUAGE_STANDARD = gnu99;
				GCC_DYNAMIC_NO_PIC = NO;
				GCC_NO_COMMON_BLOCKS = YES;
				GCC_OPTIMIZATION_LEVEL = 0;
				GCC_PREPROCESSOR_DEFINITIONS = (
					"DEBUG=1",
					"$(inherited)",
				);
				GCC_WARN_64_TO_32_BIT_CONVERSION = YES;
				GCC_WARN_ABOUT_RETURN_TYPE = YES_ERROR;
				GCC_WARN_UNDECLARED_SELECTOR = YES;
				GCC_WARN_UNINITIALIZED_AUTOS = YES_AGGRESSIVE;
				GCC_WARN_UNUSED_FUNCTION = YES;
				GCC_WARN_UNUSED_VARIABLE = YES;
				IPHONEOS_DEPLOYMENT_TARGET = 10.3;
				MTL_ENABLE_DEBUG_INFO = YES;
				ONLY_ACTIVE_ARCH = YES;
				SDKROOT = iphoneos;
				SWIFT_ACTIVE_COMPILATION_CONDITIONS = DEBUG;
				SWIFT_OPTIMIZATION_LEVEL = "-Onone";
				TARGETED_DEVICE_FAMILY = "1,2";
			};
			name = Debug;
		};
		3B4B05F81F0E1086006EE5F1 /* Release */ = {
			isa = XCBuildConfiguration;
			buildSettings = {
				ALWAYS_SEARCH_USER_PATHS = NO;
				CLANG_ANALYZER_NONNULL = YES;
				CLANG_ANALYZER_NUMBER_OBJECT_CONVERSION = YES_AGGRESSIVE;
				CLANG_CXX_LANGUAGE_STANDARD = "gnu++0x";
				CLANG_CXX_LIBRARY = "libc++";
				CLANG_ENABLE_MODULES = YES;
				CLANG_ENABLE_OBJC_ARC = YES;
				CLANG_WARN_BOOL_CONVERSION = YES;
				CLANG_WARN_CONSTANT_CONVERSION = YES;
				CLANG_WARN_DIRECT_OBJC_ISA_USAGE = YES_ERROR;
				CLANG_WARN_DOCUMENTATION_COMMENTS = YES;
				CLANG_WARN_EMPTY_BODY = YES;
				CLANG_WARN_ENUM_CONVERSION = YES;
				CLANG_WARN_INFINITE_RECURSION = YES;
				CLANG_WARN_INT_CONVERSION = YES;
				CLANG_WARN_OBJC_ROOT_CLASS = YES_ERROR;
				CLANG_WARN_SUSPICIOUS_MOVE = YES;
				CLANG_WARN_UNREACHABLE_CODE = YES;
				CLANG_WARN__DUPLICATE_METHOD_MATCH = YES;
				"CODE_SIGN_IDENTITY[sdk=iphoneos*]" = "iPhone Developer";
				COPY_PHASE_STRIP = NO;
				DEBUG_INFORMATION_FORMAT = "dwarf-with-dsym";
				ENABLE_NS_ASSERTIONS = NO;
				ENABLE_STRICT_OBJC_MSGSEND = YES;
				GCC_C_LANGUAGE_STANDARD = gnu99;
				GCC_NO_COMMON_BLOCKS = YES;
				GCC_WARN_64_TO_32_BIT_CONVERSION = YES;
				GCC_WARN_ABOUT_RETURN_TYPE = YES_ERROR;
				GCC_WARN_UNDECLARED_SELECTOR = YES;
				GCC_WARN_UNINITIALIZED_AUTOS = YES_AGGRESSIVE;
				GCC_WARN_UNUSED_FUNCTION = YES;
				GCC_WARN_UNUSED_VARIABLE = YES;
				IPHONEOS_DEPLOYMENT_TARGET = 10.3;
				MTL_ENABLE_DEBUG_INFO = NO;
				SDKROOT = iphoneos;
				SWIFT_OPTIMIZATION_LEVEL = "-Owholemodule";
				TARGETED_DEVICE_FAMILY = "1,2";
				VALIDATE_PRODUCT = YES;
			};
			name = Release;
		};
		3B4B05FA1F0E1086006EE5F1 /* Debug */ = {
			isa = XCBuildConfiguration;
			buildSettings = {
				ASSETCATALOG_COMPILER_APPICON_NAME = AppIcon;
				DEVELOPMENT_TEAM = 9N2GXJ9SUF;
				INFOPLIST_FILE = ShaDai/Info.plist;
				LD_RUNPATH_SEARCH_PATHS = "$(inherited) @executable_path/Frameworks";
				PRODUCT_BUNDLE_IDENTIFIER = com.golfzon.ShaDai;
				PRODUCT_NAME = "$(TARGET_NAME)";
				SWIFT_VERSION = 3.0;
			};
			name = Debug;
		};
		3B4B05FB1F0E1086006EE5F1 /* Release */ = {
			isa = XCBuildConfiguration;
			buildSettings = {
				ASSETCATALOG_COMPILER_APPICON_NAME = AppIcon;
				DEVELOPMENT_TEAM = 9N2GXJ9SUF;
				INFOPLIST_FILE = ShaDai/Info.plist;
				LD_RUNPATH_SEARCH_PATHS = "$(inherited) @executable_path/Frameworks";
				PRODUCT_BUNDLE_IDENTIFIER = com.golfzon.ShaDai;
				PRODUCT_NAME = "$(TARGET_NAME)";
				SWIFT_VERSION = 3.0;
			};
			name = Release;
		};
/* End XCBuildConfiguration section */

/* Begin XCConfigurationList section */
		3B4B05E21F0E1086006EE5F1 /* Build configuration list for PBXProject "ShaDai" */ = {
			isa = XCConfigurationList;
			buildConfigurations = (
				3B4B05F71F0E1086006EE5F1 /* Debug */,
				3B4B05F81F0E1086006EE5F1 /* Release */,
			);
			defaultConfigurationIsVisible = 0;
			defaultConfigurationName = Release;
		};
		3B4B05F91F0E1086006EE5F1 /* Build configuration list for PBXNativeTarget "ShaDai" */ = {
			isa = XCConfigurationList;
			buildConfigurations = (
				3B4B05FA1F0E1086006EE5F1 /* Debug */,
				3B4B05FB1F0E1086006EE5F1 /* Release */,
			);
			defaultConfigurationIsVisible = 0;
			defaultConfigurationName = Release;
		};
/* End XCConfigurationList section */
	};
	rootObject = 3B4B05DF1F0E1086006EE5F1 /* Project object */;
}
